// !$*UTF8*$!
{
	archiveVersion = 1;
	classes = {
	};
	objectVersion = 55;
	objects = {

/* Begin PBXBuildFile section */
		0D18D0DC9BEE44548E1F99D4 /* Pods_AmdCash_AmdCashUITests.framework in Frameworks */ = {isa = PBXBuildFile; fileRef = 4C45139B26820315634E8964 /* Pods_AmdCash_AmdCashUITests.framework */; };
		846DD95F797A698019E389DD /* Pods_AmdCashTests.framework in Frameworks */ = {isa = PBXBuildFile; fileRef = E97D34A203E6420A40FB2381 /* Pods_AmdCashTests.framework */; };
		C8EEDDFD27255A06004AED27 /* AppDelegate.swift in Sources */ = {isa = PBXBuildFile; fileRef = C8EEDDFC27255A06004AED27 /* AppDelegate.swift */; };
		C8EEDDFF27255A06004AED27 /* SceneDelegate.swift in Sources */ = {isa = PBXBuildFile; fileRef = C8EEDDFE27255A06004AED27 /* SceneDelegate.swift */; };
		C8EEDE0127255A06004AED27 /* ViewController.swift in Sources */ = {isa = PBXBuildFile; fileRef = C8EEDE0027255A06004AED27 /* ViewController.swift */; };
		C8EEDE0427255A06004AED27 /* Main.storyboard in Resources */ = {isa = PBXBuildFile; fileRef = C8EEDE0227255A06004AED27 /* Main.storyboard */; };
		C8EEDE0727255A06004AED27 /* AmdCash.xcdatamodeld in Sources */ = {isa = PBXBuildFile; fileRef = C8EEDE0527255A06004AED27 /* AmdCash.xcdatamodeld */; };
		C8EEDE0927255A0B004AED27 /* Assets.xcassets in Resources */ = {isa = PBXBuildFile; fileRef = C8EEDE0827255A0B004AED27 /* Assets.xcassets */; };
		C8EEDE0C27255A0B004AED27 /* LaunchScreen.storyboard in Resources */ = {isa = PBXBuildFile; fileRef = C8EEDE0A27255A0B004AED27 /* LaunchScreen.storyboard */; };
		C8EEDE1727255A0B004AED27 /* AmdCashTests.swift in Sources */ = {isa = PBXBuildFile; fileRef = C8EEDE1627255A0B004AED27 /* AmdCashTests.swift */; };
		C8EEDE2127255A0C004AED27 /* AmdCashUITests.swift in Sources */ = {isa = PBXBuildFile; fileRef = C8EEDE2027255A0C004AED27 /* AmdCashUITests.swift */; };
		C8EEDE2327255A0C004AED27 /* AmdCashUITestsLaunchTests.swift in Sources */ = {isa = PBXBuildFile; fileRef = C8EEDE2227255A0C004AED27 /* AmdCashUITestsLaunchTests.swift */; };
		E4BC73923ABC661421EB3734 /* Pods_AmdCash.framework in Frameworks */ = {isa = PBXBuildFile; fileRef = 1AE231245FB56B9A33866E46 /* Pods_AmdCash.framework */; };
/* End PBXBuildFile section */

/* Begin PBXContainerItemProxy section */
		C8EEDE1327255A0B004AED27 /* PBXContainerItemProxy */ = {
			isa = PBXContainerItemProxy;
			containerPortal = C8EEDDF127255A06004AED27 /* Project object */;
			proxyType = 1;
			remoteGlobalIDString = C8EEDDF827255A06004AED27;
			remoteInfo = AmdCash;
		};
		C8EEDE1D27255A0C004AED27 /* PBXContainerItemProxy */ = {
			isa = PBXContainerItemProxy;
			containerPortal = C8EEDDF127255A06004AED27 /* Project object */;
			proxyType = 1;
			remoteGlobalIDString = C8EEDDF827255A06004AED27;
			remoteInfo = AmdCash;
		};
/* End PBXContainerItemProxy section */

/* Begin PBXFileReference section */
		17D575E311926D131ACA4911 /* Pods-AmdCashTests.release.xcconfig */ = {isa = PBXFileReference; includeInIndex = 1; lastKnownFileType = text.xcconfig; name = "Pods-AmdCashTests.release.xcconfig"; path = "Target Support Files/Pods-AmdCashTests/Pods-AmdCashTests.release.xcconfig"; sourceTree = "<group>"; };
		1AE231245FB56B9A33866E46 /* Pods_AmdCash.framework */ = {isa = PBXFileReference; explicitFileType = wrapper.framework; includeInIndex = 0; path = Pods_AmdCash.framework; sourceTree = BUILT_PRODUCTS_DIR; };
		4C45139B26820315634E8964 /* Pods_AmdCash_AmdCashUITests.framework */ = {isa = PBXFileReference; explicitFileType = wrapper.framework; includeInIndex = 0; path = Pods_AmdCash_AmdCashUITests.framework; sourceTree = BUILT_PRODUCTS_DIR; };
		7D03204298DC2FCCAB119337 /* Pods-AmdCash.debug.xcconfig */ = {isa = PBXFileReference; includeInIndex = 1; lastKnownFileType = text.xcconfig; name = "Pods-AmdCash.debug.xcconfig"; path = "Target Support Files/Pods-AmdCash/Pods-AmdCash.debug.xcconfig"; sourceTree = "<group>"; };
		90686B26B883167A594C8918 /* Pods-AmdCashTests.debug.xcconfig */ = {isa = PBXFileReference; includeInIndex = 1; lastKnownFileType = text.xcconfig; name = "Pods-AmdCashTests.debug.xcconfig"; path = "Target Support Files/Pods-AmdCashTests/Pods-AmdCashTests.debug.xcconfig"; sourceTree = "<group>"; };
		9F4E16FF94661CD31F06797D /* Pods-AmdCash.release.xcconfig */ = {isa = PBXFileReference; includeInIndex = 1; lastKnownFileType = text.xcconfig; name = "Pods-AmdCash.release.xcconfig"; path = "Target Support Files/Pods-AmdCash/Pods-AmdCash.release.xcconfig"; sourceTree = "<group>"; };
		C8EEDDF927255A06004AED27 /* AmdCash.app */ = {isa = PBXFileReference; explicitFileType = wrapper.application; includeInIndex = 0; path = AmdCash.app; sourceTree = BUILT_PRODUCTS_DIR; };
		C8EEDDFC27255A06004AED27 /* AppDelegate.swift */ = {isa = PBXFileReference; lastKnownFileType = sourcecode.swift; path = AppDelegate.swift; sourceTree = "<group>"; };
		C8EEDDFE27255A06004AED27 /* SceneDelegate.swift */ = {isa = PBXFileReference; lastKnownFileType = sourcecode.swift; path = SceneDelegate.swift; sourceTree = "<group>"; };
		C8EEDE0027255A06004AED27 /* ViewController.swift */ = {isa = PBXFileReference; lastKnownFileType = sourcecode.swift; path = ViewController.swift; sourceTree = "<group>"; };
		C8EEDE0327255A06004AED27 /* Base */ = {isa = PBXFileReference; lastKnownFileType = file.storyboard; name = Base; path = Base.lproj/Main.storyboard; sourceTree = "<group>"; };
		C8EEDE0627255A06004AED27 /* AmdCash.xcdatamodel */ = {isa = PBXFileReference; lastKnownFileType = wrapper.xcdatamodel; path = AmdCash.xcdatamodel; sourceTree = "<group>"; };
		C8EEDE0827255A0B004AED27 /* Assets.xcassets */ = {isa = PBXFileReference; lastKnownFileType = folder.assetcatalog; path = Assets.xcassets; sourceTree = "<group>"; };
		C8EEDE0B27255A0B004AED27 /* Base */ = {isa = PBXFileReference; lastKnownFileType = file.storyboard; name = Base; path = Base.lproj/LaunchScreen.storyboard; sourceTree = "<group>"; };
		C8EEDE0D27255A0B004AED27 /* Info.plist */ = {isa = PBXFileReference; lastKnownFileType = text.plist.xml; path = Info.plist; sourceTree = "<group>"; };
		C8EEDE1227255A0B004AED27 /* AmdCashTests.xctest */ = {isa = PBXFileReference; explicitFileType = wrapper.cfbundle; includeInIndex = 0; path = AmdCashTests.xctest; sourceTree = BUILT_PRODUCTS_DIR; };
		C8EEDE1627255A0B004AED27 /* AmdCashTests.swift */ = {isa = PBXFileReference; lastKnownFileType = sourcecode.swift; path = AmdCashTests.swift; sourceTree = "<group>"; };
		C8EEDE1C27255A0C004AED27 /* AmdCashUITests.xctest */ = {isa = PBXFileReference; explicitFileType = wrapper.cfbundle; includeInIndex = 0; path = AmdCashUITests.xctest; sourceTree = BUILT_PRODUCTS_DIR; };
		C8EEDE2027255A0C004AED27 /* AmdCashUITests.swift */ = {isa = PBXFileReference; lastKnownFileType = sourcecode.swift; path = AmdCashUITests.swift; sourceTree = "<group>"; };
		C8EEDE2227255A0C004AED27 /* AmdCashUITestsLaunchTests.swift */ = {isa = PBXFileReference; lastKnownFileType = sourcecode.swift; path = AmdCashUITestsLaunchTests.swift; sourceTree = "<group>"; };
		D5E0C391A40D01C90389ADA8 /* Pods-AmdCash-AmdCashUITests.release.xcconfig */ = {isa = PBXFileReference; includeInIndex = 1; lastKnownFileType = text.xcconfig; name = "Pods-AmdCash-AmdCashUITests.release.xcconfig"; path = "Target Support Files/Pods-AmdCash-AmdCashUITests/Pods-AmdCash-AmdCashUITests.release.xcconfig"; sourceTree = "<group>"; };
		E97D34A203E6420A40FB2381 /* Pods_AmdCashTests.framework */ = {isa = PBXFileReference; explicitFileType = wrapper.framework; includeInIndex = 0; path = Pods_AmdCashTests.framework; sourceTree = BUILT_PRODUCTS_DIR; };
		F0971BC28160BDB6EED3BA20 /* Pods-AmdCash-AmdCashUITests.debug.xcconfig */ = {isa = PBXFileReference; includeInIndex = 1; lastKnownFileType = text.xcconfig; name = "Pods-AmdCash-AmdCashUITests.debug.xcconfig"; path = "Target Support Files/Pods-AmdCash-AmdCashUITests/Pods-AmdCash-AmdCashUITests.debug.xcconfig"; sourceTree = "<group>"; };
/* End PBXFileReference section */

/* Begin PBXFrameworksBuildPhase section */
		C8EEDDF627255A06004AED27 /* Frameworks */ = {
			isa = PBXFrameworksBuildPhase;
			buildActionMask = 2147483647;
			files = (
				E4BC73923ABC661421EB3734 /* Pods_AmdCash.framework in Frameworks */,
			);
			runOnlyForDeploymentPostprocessing = 0;
		};
		C8EEDE0F27255A0B004AED27 /* Frameworks */ = {
			isa = PBXFrameworksBuildPhase;
			buildActionMask = 2147483647;
			files = (
				846DD95F797A698019E389DD /* Pods_AmdCashTests.framework in Frameworks */,
			);
			runOnlyForDeploymentPostprocessing = 0;
		};
		C8EEDE1927255A0C004AED27 /* Frameworks */ = {
			isa = PBXFrameworksBuildPhase;
			buildActionMask = 2147483647;
			files = (
				0D18D0DC9BEE44548E1F99D4 /* Pods_AmdCash_AmdCashUITests.framework in Frameworks */,
			);
			runOnlyForDeploymentPostprocessing = 0;
		};
/* End PBXFrameworksBuildPhase section */

/* Begin PBXGroup section */
		4488AAF96E6A90FD14D15589 /* Pods */ = {
			isa = PBXGroup;
			children = (
				7D03204298DC2FCCAB119337 /* Pods-AmdCash.debug.xcconfig */,
				9F4E16FF94661CD31F06797D /* Pods-AmdCash.release.xcconfig */,
				F0971BC28160BDB6EED3BA20 /* Pods-AmdCash-AmdCashUITests.debug.xcconfig */,
				D5E0C391A40D01C90389ADA8 /* Pods-AmdCash-AmdCashUITests.release.xcconfig */,
				90686B26B883167A594C8918 /* Pods-AmdCashTests.debug.xcconfig */,
				17D575E311926D131ACA4911 /* Pods-AmdCashTests.release.xcconfig */,
			);
			path = Pods;
			sourceTree = "<group>";
		};
		4762BC829023786F9E19B9B4 /* Frameworks */ = {
			isa = PBXGroup;
			children = (
				1AE231245FB56B9A33866E46 /* Pods_AmdCash.framework */,
				4C45139B26820315634E8964 /* Pods_AmdCash_AmdCashUITests.framework */,
				E97D34A203E6420A40FB2381 /* Pods_AmdCashTests.framework */,
			);
			name = Frameworks;
			sourceTree = "<group>";
		};
		C8EEDDF027255A06004AED27 = {
			isa = PBXGroup;
			children = (
				C8EEDDFB27255A06004AED27 /* AmdCash */,
				C8EEDE1527255A0B004AED27 /* AmdCashTests */,
				C8EEDE1F27255A0C004AED27 /* AmdCashUITests */,
				C8EEDDFA27255A06004AED27 /* Products */,
				4488AAF96E6A90FD14D15589 /* Pods */,
				4762BC829023786F9E19B9B4 /* Frameworks */,
			);
			sourceTree = "<group>";
		};
		C8EEDDFA27255A06004AED27 /* Products */ = {
			isa = PBXGroup;
			children = (
				C8EEDDF927255A06004AED27 /* AmdCash.app */,
				C8EEDE1227255A0B004AED27 /* AmdCashTests.xctest */,
				C8EEDE1C27255A0C004AED27 /* AmdCashUITests.xctest */,
			);
			name = Products;
			sourceTree = "<group>";
		};
		C8EEDDFB27255A06004AED27 /* AmdCash */ = {
			isa = PBXGroup;
			children = (
				C8EEDDFC27255A06004AED27 /* AppDelegate.swift */,
				C8EEDDFE27255A06004AED27 /* SceneDelegate.swift */,
				C8EEDE0027255A06004AED27 /* ViewController.swift */,
				C8EEDE0227255A06004AED27 /* Main.storyboard */,
				C8EEDE0827255A0B004AED27 /* Assets.xcassets */,
				C8EEDE0A27255A0B004AED27 /* LaunchScreen.storyboard */,
				C8EEDE0D27255A0B004AED27 /* Info.plist */,
				C8EEDE0527255A06004AED27 /* AmdCash.xcdatamodeld */,
			);
			path = AmdCash;
			sourceTree = "<group>";
		};
		C8EEDE1527255A0B004AED27 /* AmdCashTests */ = {
			isa = PBXGroup;
			children = (
				C8EEDE1627255A0B004AED27 /* AmdCashTests.swift */,
			);
			path = AmdCashTests;
			sourceTree = "<group>";
		};
		C8EEDE1F27255A0C004AED27 /* AmdCashUITests */ = {
			isa = PBXGroup;
			children = (
				C8EEDE2027255A0C004AED27 /* AmdCashUITests.swift */,
				C8EEDE2227255A0C004AED27 /* AmdCashUITestsLaunchTests.swift */,
			);
			path = AmdCashUITests;
			sourceTree = "<group>";
		};
/* End PBXGroup section */

/* Begin PBXNativeTarget section */
		C8EEDDF827255A06004AED27 /* AmdCash */ = {
			isa = PBXNativeTarget;
			buildConfigurationList = C8EEDE2627255A0C004AED27 /* Build configuration list for PBXNativeTarget "AmdCash" */;
			buildPhases = (
				FD08CCBC34ECA4D917C57003 /* [CP] Check Pods Manifest.lock */,
				C8EEDDF527255A06004AED27 /* Sources */,
				C8EEDDF627255A06004AED27 /* Frameworks */,
				C8EEDDF727255A06004AED27 /* Resources */,
				1157F9F90EF7ADD50EE1AB52 /* [CP] Embed Pods Frameworks */,
			);
			buildRules = (
			);
			dependencies = (
			);
			name = AmdCash;
			productName = AmdCash;
			productReference = C8EEDDF927255A06004AED27 /* AmdCash.app */;
			productType = "com.apple.product-type.application";
		};
		C8EEDE1127255A0B004AED27 /* AmdCashTests */ = {
			isa = PBXNativeTarget;
			buildConfigurationList = C8EEDE2927255A0C004AED27 /* Build configuration list for PBXNativeTarget "AmdCashTests" */;
			buildPhases = (
				E13D4177D2DC07DEE6A695CA /* [CP] Check Pods Manifest.lock */,
				C8EEDE0E27255A0B004AED27 /* Sources */,
				C8EEDE0F27255A0B004AED27 /* Frameworks */,
				C8EEDE1027255A0B004AED27 /* Resources */,
			);
			buildRules = (
			);
			dependencies = (
				C8EEDE1427255A0B004AED27 /* PBXTargetDependency */,
			);
			name = AmdCashTests;
			productName = AmdCashTests;
			productReference = C8EEDE1227255A0B004AED27 /* AmdCashTests.xctest */;
			productType = "com.apple.product-type.bundle.unit-test";
		};
		C8EEDE1B27255A0C004AED27 /* AmdCashUITests */ = {
			isa = PBXNativeTarget;
			buildConfigurationList = C8EEDE2C27255A0C004AED27 /* Build configuration list for PBXNativeTarget "AmdCashUITests" */;
			buildPhases = (
				680BFC1E93C6709F28755085 /* [CP] Check Pods Manifest.lock */,
				C8EEDE1827255A0C004AED27 /* Sources */,
				C8EEDE1927255A0C004AED27 /* Frameworks */,
				C8EEDE1A27255A0C004AED27 /* Resources */,
				81EF1CF904BDC1953903B53D /* [CP] Embed Pods Frameworks */,
			);
			buildRules = (
			);
			dependencies = (
				C8EEDE1E27255A0C004AED27 /* PBXTargetDependency */,
			);
			name = AmdCashUITests;
			productName = AmdCashUITests;
			productReference = C8EEDE1C27255A0C004AED27 /* AmdCashUITests.xctest */;
			productType = "com.apple.product-type.bundle.ui-testing";
		};
/* End PBXNativeTarget section */

/* Begin PBXProject section */
		C8EEDDF127255A06004AED27 /* Project object */ = {
			isa = PBXProject;
			attributes = {
				BuildIndependentTargetsInParallel = 1;
				LastSwiftUpdateCheck = 1300;
				LastUpgradeCheck = 1300;
				TargetAttributes = {
					C8EEDDF827255A06004AED27 = {
						CreatedOnToolsVersion = 13.0;
					};
					C8EEDE1127255A0B004AED27 = {
						CreatedOnToolsVersion = 13.0;
						TestTargetID = C8EEDDF827255A06004AED27;
					};
					C8EEDE1B27255A0C004AED27 = {
						CreatedOnToolsVersion = 13.0;
						TestTargetID = C8EEDDF827255A06004AED27;
					};
				};
			};
			buildConfigurationList = C8EEDDF427255A06004AED27 /* Build configuration list for PBXProject "AmdCash" */;
			compatibilityVersion = "Xcode 13.0";
			developmentRegion = en;
			hasScannedForEncodings = 0;
			knownRegions = (
				en,
				Base,
			);
			mainGroup = C8EEDDF027255A06004AED27;
			productRefGroup = C8EEDDFA27255A06004AED27 /* Products */;
			projectDirPath = "";
			projectRoot = "";
			targets = (
				C8EEDDF827255A06004AED27 /* AmdCash */,
				C8EEDE1127255A0B004AED27 /* AmdCashTests */,
				C8EEDE1B27255A0C004AED27 /* AmdCashUITests */,
			);
		};
/* End PBXProject section */

/* Begin PBXResourcesBuildPhase section */
		C8EEDDF727255A06004AED27 /* Resources */ = {
			isa = PBXResourcesBuildPhase;
			buildActionMask = 2147483647;
			files = (
				C8EEDE0C27255A0B004AED27 /* LaunchScreen.storyboard in Resources */,
				C8EEDE0927255A0B004AED27 /* Assets.xcassets in Resources */,
				C8EEDE0427255A06004AED27 /* Main.storyboard in Resources */,
			);
			runOnlyForDeploymentPostprocessing = 0;
		};
		C8EEDE1027255A0B004AED27 /* Resources */ = {
			isa = PBXResourcesBuildPhase;
			buildActionMask = 2147483647;
			files = (
			);
			runOnlyForDeploymentPostprocessing = 0;
		};
		C8EEDE1A27255A0C004AED27 /* Resources */ = {
			isa = PBXResourcesBuildPhase;
			buildActionMask = 2147483647;
			files = (
			);
			runOnlyForDeploymentPostprocessing = 0;
		};
/* End PBXResourcesBuildPhase section */

/* Begin PBXShellScriptBuildPhase section */
		1157F9F90EF7ADD50EE1AB52 /* [CP] Embed Pods Frameworks */ = {
			isa = PBXShellScriptBuildPhase;
			buildActionMask = 2147483647;
			files = (
			);
			inputFileListPaths = (
				"${PODS_ROOT}/Target Support Files/Pods-AmdCash/Pods-AmdCash-frameworks-${CONFIGURATION}-input-files.xcfilelist",
			);
			name = "[CP] Embed Pods Frameworks";
			outputFileListPaths = (
				"${PODS_ROOT}/Target Support Files/Pods-AmdCash/Pods-AmdCash-frameworks-${CONFIGURATION}-output-files.xcfilelist",
			);
			runOnlyForDeploymentPostprocessing = 0;
			shellPath = /bin/sh;
			shellScript = "\"${PODS_ROOT}/Target Support Files/Pods-AmdCash/Pods-AmdCash-frameworks.sh\"\n";
			showEnvVarsInLog = 0;
		};
		680BFC1E93C6709F28755085 /* [CP] Check Pods Manifest.lock */ = {
			isa = PBXShellScriptBuildPhase;
			buildActionMask = 2147483647;
			files = (
			);
			inputFileListPaths = (
			);
			inputPaths = (
				"${PODS_PODFILE_DIR_PATH}/Podfile.lock",
				"${PODS_ROOT}/Manifest.lock",
			);
			name = "[CP] Check Pods Manifest.lock";
			outputFileListPaths = (
			);
			outputPaths = (
				"$(DERIVED_FILE_DIR)/Pods-AmdCash-AmdCashUITests-checkManifestLockResult.txt",
			);
			runOnlyForDeploymentPostprocessing = 0;
			shellPath = /bin/sh;
			shellScript = "diff \"${PODS_PODFILE_DIR_PATH}/Podfile.lock\" \"${PODS_ROOT}/Manifest.lock\" > /dev/null\nif [ $? != 0 ] ; then\n    # print error to STDERR\n    echo \"error: The sandbox is not in sync with the Podfile.lock. Run 'pod install' or update your CocoaPods installation.\" >&2\n    exit 1\nfi\n# This output is used by Xcode 'outputs' to avoid re-running this script phase.\necho \"SUCCESS\" > \"${SCRIPT_OUTPUT_FILE_0}\"\n";
			showEnvVarsInLog = 0;
		};
		81EF1CF904BDC1953903B53D /* [CP] Embed Pods Frameworks */ = {
			isa = PBXShellScriptBuildPhase;
			buildActionMask = 2147483647;
			files = (
			);
			inputFileListPaths = (
				"${PODS_ROOT}/Target Support Files/Pods-AmdCash-AmdCashUITests/Pods-AmdCash-AmdCashUITests-frameworks-${CONFIGURATION}-input-files.xcfilelist",
			);
			name = "[CP] Embed Pods Frameworks";
			outputFileListPaths = (
				"${PODS_ROOT}/Target Support Files/Pods-AmdCash-AmdCashUITests/Pods-AmdCash-AmdCashUITests-frameworks-${CONFIGURATION}-output-files.xcfilelist",
			);
			runOnlyForDeploymentPostprocessing = 0;
			shellPath = /bin/sh;
			shellScript = "\"${PODS_ROOT}/Target Support Files/Pods-AmdCash-AmdCashUITests/Pods-AmdCash-AmdCashUITests-frameworks.sh\"\n";
			showEnvVarsInLog = 0;
		};
		E13D4177D2DC07DEE6A695CA /* [CP] Check Pods Manifest.lock */ = {
			isa = PBXShellScriptBuildPhase;
			buildActionMask = 2147483647;
			files = (
			);
			inputFileListPaths = (
			);
			inputPaths = (
				"${PODS_PODFILE_DIR_PATH}/Podfile.lock",
				"${PODS_ROOT}/Manifest.lock",
			);
			name = "[CP] Check Pods Manifest.lock";
			outputFileListPaths = (
			);
			outputPaths = (
				"$(DERIVED_FILE_DIR)/Pods-AmdCashTests-checkManifestLockResult.txt",
			);
			runOnlyForDeploymentPostprocessing = 0;
			shellPath = /bin/sh;
			shellScript = "diff \"${PODS_PODFILE_DIR_PATH}/Podfile.lock\" \"${PODS_ROOT}/Manifest.lock\" > /dev/null\nif [ $? != 0 ] ; then\n    # print error to STDERR\n    echo \"error: The sandbox is not in sync with the Podfile.lock. Run 'pod install' or update your CocoaPods installation.\" >&2\n    exit 1\nfi\n# This output is used by Xcode 'outputs' to avoid re-running this script phase.\necho \"SUCCESS\" > \"${SCRIPT_OUTPUT_FILE_0}\"\n";
			showEnvVarsInLog = 0;
		};
		FD08CCBC34ECA4D917C57003 /* [CP] Check Pods Manifest.lock */ = {
			isa = PBXShellScriptBuildPhase;
			buildActionMask = 2147483647;
			files = (
			);
			inputFileListPaths = (
			);
			inputPaths = (
				"${PODS_PODFILE_DIR_PATH}/Podfile.lock",
				"${PODS_ROOT}/Manifest.lock",
			);
			name = "[CP] Check Pods Manifest.lock";
			outputFileListPaths = (
			);
			outputPaths = (
				"$(DERIVED_FILE_DIR)/Pods-AmdCash-checkManifestLockResult.txt",
			);
			runOnlyForDeploymentPostprocessing = 0;
			shellPath = /bin/sh;
			shellScript = "diff \"${PODS_PODFILE_DIR_PATH}/Podfile.lock\" \"${PODS_ROOT}/Manifest.lock\" > /dev/null\nif [ $? != 0 ] ; then\n    # print error to STDERR\n    echo \"error: The sandbox is not in sync with the Podfile.lock. Run 'pod install' or update your CocoaPods installation.\" >&2\n    exit 1\nfi\n# This output is used by Xcode 'outputs' to avoid re-running this script phase.\necho \"SUCCESS\" > \"${SCRIPT_OUTPUT_FILE_0}\"\n";
			showEnvVarsInLog = 0;
		};
/* End PBXShellScriptBuildPhase section */

/* Begin PBXSourcesBuildPhase section */
		C8EEDDF527255A06004AED27 /* Sources */ = {
			isa = PBXSourcesBuildPhase;
			buildActionMask = 2147483647;
			files = (
				C8EEDE0127255A06004AED27 /* ViewController.swift in Sources */,
				C8EEDE0727255A06004AED27 /* AmdCash.xcdatamodeld in Sources */,
				C8EEDDFD27255A06004AED27 /* AppDelegate.swift in Sources */,
				C8EEDDFF27255A06004AED27 /* SceneDelegate.swift in Sources */,
			);
			runOnlyForDeploymentPostprocessing = 0;
		};
		C8EEDE0E27255A0B004AED27 /* Sources */ = {
			isa = PBXSourcesBuildPhase;
			buildActionMask = 2147483647;
			files = (
				C8EEDE1727255A0B004AED27 /* AmdCashTests.swift in Sources */,
			);
			runOnlyForDeploymentPostprocessing = 0;
		};
		C8EEDE1827255A0C004AED27 /* Sources */ = {
			isa = PBXSourcesBuildPhase;
			buildActionMask = 2147483647;
			files = (
				C8EEDE2327255A0C004AED27 /* AmdCashUITestsLaunchTests.swift in Sources */,
				C8EEDE2127255A0C004AED27 /* AmdCashUITests.swift in Sources */,
			);
			runOnlyForDeploymentPostprocessing = 0;
		};
/* End PBXSourcesBuildPhase section */

/* Begin PBXTargetDependency section */
		C8EEDE1427255A0B004AED27 /* PBXTargetDependency */ = {
			isa = PBXTargetDependency;
			target = C8EEDDF827255A06004AED27 /* AmdCash */;
			targetProxy = C8EEDE1327255A0B004AED27 /* PBXContainerItemProxy */;
		};
		C8EEDE1E27255A0C004AED27 /* PBXTargetDependency */ = {
			isa = PBXTargetDependency;
			target = C8EEDDF827255A06004AED27 /* AmdCash */;
			targetProxy = C8EEDE1D27255A0C004AED27 /* PBXContainerItemProxy */;
		};
/* End PBXTargetDependency section */

/* Begin PBXVariantGroup section */
		C8EEDE0227255A06004AED27 /* Main.storyboard */ = {
			isa = PBXVariantGroup;
			children = (
				C8EEDE0327255A06004AED27 /* Base */,
			);
			name = Main.storyboard;
			sourceTree = "<group>";
		};
		C8EEDE0A27255A0B004AED27 /* LaunchScreen.storyboard */ = {
			isa = PBXVariantGroup;
			children = (
				C8EEDE0B27255A0B004AED27 /* Base */,
			);
			name = LaunchScreen.storyboard;
			sourceTree = "<group>";
		};
/* End PBXVariantGroup section */

/* Begin XCBuildConfiguration section */
		C8EEDE2427255A0C004AED27 /* Debug */ = {
			isa = XCBuildConfiguration;
			buildSettings = {
				ALWAYS_SEARCH_USER_PATHS = NO;
				CLANG_ANALYZER_NONNULL = YES;
				CLANG_ANALYZER_NUMBER_OBJECT_CONVERSION = YES_AGGRESSIVE;
				CLANG_CXX_LANGUAGE_STANDARD = "gnu++17";
				CLANG_CXX_LIBRARY = "libc++";
				CLANG_ENABLE_MODULES = YES;
				CLANG_ENABLE_OBJC_ARC = YES;
				CLANG_ENABLE_OBJC_WEAK = YES;
				CLANG_WARN_BLOCK_CAPTURE_AUTORELEASING = YES;
				CLANG_WARN_BOOL_CONVERSION = YES;
				CLANG_WARN_COMMA = YES;
				CLANG_WARN_CONSTANT_CONVERSION = YES;
				CLANG_WARN_DEPRECATED_OBJC_IMPLEMENTATIONS = YES;
				CLANG_WARN_DIRECT_OBJC_ISA_USAGE = YES_ERROR;
				CLANG_WARN_DOCUMENTATION_COMMENTS = YES;
				CLANG_WARN_EMPTY_BODY = YES;
				CLANG_WARN_ENUM_CONVERSION = YES;
				CLANG_WARN_INFINITE_RECURSION = YES;
				CLANG_WARN_INT_CONVERSION = YES;
				CLANG_WARN_NON_LITERAL_NULL_CONVERSION = YES;
				CLANG_WARN_OBJC_IMPLICIT_RETAIN_SELF = YES;
				CLANG_WARN_OBJC_LITERAL_CONVERSION = YES;
				CLANG_WARN_OBJC_ROOT_CLASS = YES_ERROR;
				CLANG_WARN_QUOTED_INCLUDE_IN_FRAMEWORK_HEADER = YES;
				CLANG_WARN_RANGE_LOOP_ANALYSIS = YES;
				CLANG_WARN_STRICT_PROTOTYPES = YES;
				CLANG_WARN_SUSPICIOUS_MOVE = YES;
				CLANG_WARN_UNGUARDED_AVAILABILITY = YES_AGGRESSIVE;
				CLANG_WARN_UNREACHABLE_CODE = YES;
				CLANG_WARN__DUPLICATE_METHOD_MATCH = YES;
				COPY_PHASE_STRIP = NO;
				DEBUG_INFORMATION_FORMAT = dwarf;
				ENABLE_STRICT_OBJC_MSGSEND = YES;
				ENABLE_TESTABILITY = YES;
				GCC_C_LANGUAGE_STANDARD = gnu11;
				GCC_DYNAMIC_NO_PIC = NO;
				GCC_NO_COMMON_BLOCKS = YES;
				GCC_OPTIMIZATION_LEVEL = 0;
				GCC_PREPROCESSOR_DEFINITIONS = (
					"DEBUG=1",
					"$(inherited)",
				);
				GCC_WARN_64_TO_32_BIT_CONVERSION = YES;
				GCC_WARN_ABOUT_RETURN_TYPE = YES_ERROR;
				GCC_WARN_UNDECLARED_SELECTOR = YES;
				GCC_WARN_UNINITIALIZED_AUTOS = YES_AGGRESSIVE;
				GCC_WARN_UNUSED_FUNCTION = YES;
				GCC_WARN_UNUSED_VARIABLE = YES;
				IPHONEOS_DEPLOYMENT_TARGET = 15.0;
				MTL_ENABLE_DEBUG_INFO = INCLUDE_SOURCE;
				MTL_FAST_MATH = YES;
				ONLY_ACTIVE_ARCH = YES;
				SDKROOT = iphoneos;
				SWIFT_ACTIVE_COMPILATION_CONDITIONS = DEBUG;
				SWIFT_OPTIMIZATION_LEVEL = "-Onone";
			};
			name = Debug;
		};
		C8EEDE2527255A0C004AED27 /* Release */ = {
			isa = XCBuildConfiguration;
			buildSettings = {
				ALWAYS_SEARCH_USER_PATHS = NO;
				CLANG_ANALYZER_NONNULL = YES;
				CLANG_ANALYZER_NUMBER_OBJECT_CONVERSION = YES_AGGRESSIVE;
				CLANG_CXX_LANGUAGE_STANDARD = "gnu++17";
				CLANG_CXX_LIBRARY = "libc++";
				CLANG_ENABLE_MODULES = YES;
				CLANG_ENABLE_OBJC_ARC = YES;
				CLANG_ENABLE_OBJC_WEAK = YES;
				CLANG_WARN_BLOCK_CAPTURE_AUTORELEASING = YES;
				CLANG_WARN_BOOL_CONVERSION = YES;
				CLANG_WARN_COMMA = YES;
				CLANG_WARN_CONSTANT_CONVERSION = YES;
				CLANG_WARN_DEPRECATED_OBJC_IMPLEMENTATIONS = YES;
				CLANG_WARN_DIRECT_OBJC_ISA_USAGE = YES_ERROR;
				CLANG_WARN_DOCUMENTATION_COMMENTS = YES;
				CLANG_WARN_EMPTY_BODY = YES;
				CLANG_WARN_ENUM_CONVERSION = YES;
				CLANG_WARN_INFINITE_RECURSION = YES;
				CLANG_WARN_INT_CONVERSION = YES;
				CLANG_WARN_NON_LITERAL_NULL_CONVERSION = YES;
				CLANG_WARN_OBJC_IMPLICIT_RETAIN_SELF = YES;
				CLANG_WARN_OBJC_LITERAL_CONVERSION = YES;
				CLANG_WARN_OBJC_ROOT_CLASS = YES_ERROR;
				CLANG_WARN_QUOTED_INCLUDE_IN_FRAMEWORK_HEADER = YES;
				CLANG_WARN_RANGE_LOOP_ANALYSIS = YES;
				CLANG_WARN_STRICT_PROTOTYPES = YES;
				CLANG_WARN_SUSPICIOUS_MOVE = YES;
				CLANG_WARN_UNGUARDED_AVAILABILITY = YES_AGGRESSIVE;
				CLANG_WARN_UNREACHABLE_CODE = YES;
				CLANG_WARN__DUPLICATE_METHOD_MATCH = YES;
				COPY_PHASE_STRIP = NO;
				DEBUG_INFORMATION_FORMAT = "dwarf-with-dsym";
				ENABLE_NS_ASSERTIONS = NO;
				ENABLE_STRICT_OBJC_MSGSEND = YES;
				GCC_C_LANGUAGE_STANDARD = gnu11;
				GCC_NO_COMMON_BLOCKS = YES;
				GCC_WARN_64_TO_32_BIT_CONVERSION = YES;
				GCC_WARN_ABOUT_RETURN_TYPE = YES_ERROR;
				GCC_WARN_UNDECLARED_SELECTOR = YES;
				GCC_WARN_UNINITIALIZED_AUTOS = YES_AGGRESSIVE;
				GCC_WARN_UNUSED_FUNCTION = YES;
				GCC_WARN_UNUSED_VARIABLE = YES;
				IPHONEOS_DEPLOYMENT_TARGET = 15.0;
				MTL_ENABLE_DEBUG_INFO = NO;
				MTL_FAST_MATH = YES;
				SDKROOT = iphoneos;
				SWIFT_COMPILATION_MODE = wholemodule;
				SWIFT_OPTIMIZATION_LEVEL = "-O";
				VALIDATE_PRODUCT = YES;
			};
			name = Release;
		};
		C8EEDE2727255A0C004AED27 /* Debug */ = {
			isa = XCBuildConfiguration;
			baseConfigurationReference = 7D03204298DC2FCCAB119337 /* Pods-AmdCash.debug.xcconfig */;
			buildSettings = {
				ASSETCATALOG_COMPILER_APPICON_NAME = AppIcon;
				ASSETCATALOG_COMPILER_GLOBAL_ACCENT_COLOR_NAME = AccentColor;
				ASSETCATALOG_COMPILER_INCLUDE_ALL_APPICON_ASSETS = NO;
				CODE_SIGN_STYLE = Automatic;
				CURRENT_PROJECT_VERSION = 1;
				DEVELOPMENT_TEAM = G23SFXBWU9;
				GENERATE_INFOPLIST_FILE = YES;
				INFOPLIST_FILE = AmdCash/Info.plist;
				INFOPLIST_KEY_UIApplicationSupportsIndirectInputEvents = YES;
				INFOPLIST_KEY_UILaunchStoryboardName = LaunchScreen;
				INFOPLIST_KEY_UIMainStoryboardFile = Main;
				INFOPLIST_KEY_UISupportedInterfaceOrientations_iPad = "UIInterfaceOrientationPortrait UIInterfaceOrientationPortraitUpsideDown UIInterfaceOrientationLandscapeLeft UIInterfaceOrientationLandscapeRight";
				INFOPLIST_KEY_UISupportedInterfaceOrientations_iPhone = "UIInterfaceOrientationPortrait UIInterfaceOrientationLandscapeLeft UIInterfaceOrientationLandscapeRight";
				LD_RUNPATH_SEARCH_PATHS = (
					"$(inherited)",
					"@executable_path/Frameworks",
				);
				MARKETING_VERSION = 1.0;
				PRODUCT_BUNDLE_IDENTIFIER = "Gevorg-Tarkhanyan.AmdCash";
				PRODUCT_NAME = "$(TARGET_NAME)";
				SWIFT_EMIT_LOC_STRINGS = YES;
				SWIFT_VERSION = 5.0;
				TARGETED_DEVICE_FAMILY = "1,2";
			};
			name = Debug;
		};
		C8EEDE2827255A0C004AED27 /* Release */ = {
			isa = XCBuildConfiguration;
			baseConfigurationReference = 9F4E16FF94661CD31F06797D /* Pods-AmdCash.release.xcconfig */;
			buildSettings = {
				ASSETCATALOG_COMPILER_APPICON_NAME = AppIcon;
				ASSETCATALOG_COMPILER_GLOBAL_ACCENT_COLOR_NAME = AccentColor;
				ASSETCATALOG_COMPILER_INCLUDE_ALL_APPICON_ASSETS = NO;
				CODE_SIGN_STYLE = Automatic;
				CURRENT_PROJECT_VERSION = 1;
				DEVELOPMENT_TEAM = G23SFXBWU9;
				GENERATE_INFOPLIST_FILE = YES;
				INFOPLIST_FILE = AmdCash/Info.plist;
				INFOPLIST_KEY_UIApplicationSupportsIndirectInputEvents = YES;
				INFOPLIST_KEY_UILaunchStoryboardName = LaunchScreen;
				INFOPLIST_KEY_UIMainStoryboardFile = Main;
				INFOPLIST_KEY_UISupportedInterfaceOrientations_iPad = "UIInterfaceOrientationPortrait UIInterfaceOrientationPortraitUpsideDown UIInterfaceOrientationLandscapeLeft UIInterfaceOrientationLandscapeRight";
				INFOPLIST_KEY_UISupportedInterfaceOrientations_iPhone = "UIInterfaceOrientationPortrait UIInterfaceOrientationLandscapeLeft UIInterfaceOrientationLandscapeRight";
				LD_RUNPATH_SEARCH_PATHS = (
					"$(inherited)",
					"@executable_path/Frameworks",
				);
				MARKETING_VERSION = 1.0;
				PRODUCT_BUNDLE_IDENTIFIER = "Gevorg-Tarkhanyan.AmdCash";
				PRODUCT_NAME = "$(TARGET_NAME)";
				SWIFT_EMIT_LOC_STRINGS = YES;
				SWIFT_VERSION = 5.0;
				TARGETED_DEVICE_FAMILY = "1,2";
			};
			name = Release;
		};
		C8EEDE2A27255A0C004AED27 /* Debug */ = {
			isa = XCBuildConfiguration;
			baseConfigurationReference = 90686B26B883167A594C8918 /* Pods-AmdCashTests.debug.xcconfig */;
			buildSettings = {
				ALWAYS_EMBED_SWIFT_STANDARD_LIBRARIES = YES;
				BUNDLE_LOADER = "$(TEST_HOST)";
				CODE_SIGN_STYLE = Automatic;
				CURRENT_PROJECT_VERSION = 1;
				DEVELOPMENT_TEAM = G23SFXBWU9;
				GENERATE_INFOPLIST_FILE = YES;
				IPHONEOS_DEPLOYMENT_TARGET = 15.0;
				LD_RUNPATH_SEARCH_PATHS = (
					"$(inherited)",
					"@executable_path/Frameworks",
					"@loader_path/Frameworks",
				);
				MARKETING_VERSION = 1.0;
				PRODUCT_BUNDLE_IDENTIFIER = "Gevorg-Tarkhanyan.AmdCashTests";
				PRODUCT_NAME = "$(TARGET_NAME)";
				SWIFT_EMIT_LOC_STRINGS = NO;
				SWIFT_VERSION = 5.0;
				TARGETED_DEVICE_FAMILY = "1,2";
				TEST_HOST = "$(BUILT_PRODUCTS_DIR)/AmdCash.app/AmdCash";
			};
			name = Debug;
		};
		C8EEDE2B27255A0C004AED27 /* Release */ = {
			isa = XCBuildConfiguration;
			baseConfigurationReference = 17D575E311926D131ACA4911 /* Pods-AmdCashTests.release.xcconfig */;
			buildSettings = {
				ALWAYS_EMBED_SWIFT_STANDARD_LIBRARIES = YES;
				BUNDLE_LOADER = "$(TEST_HOST)";
				CODE_SIGN_STYLE = Automatic;
				CURRENT_PROJECT_VERSION = 1;
				DEVELOPMENT_TEAM = G23SFXBWU9;
				GENERATE_INFOPLIST_FILE = YES;
				IPHONEOS_DEPLOYMENT_TARGET = 15.0;
				LD_RUNPATH_SEARCH_PATHS = (
					"$(inherited)",
					"@executable_path/Frameworks",
					"@loader_path/Frameworks",
				);
				MARKETING_VERSION = 1.0;
				PRODUCT_BUNDLE_IDENTIFIER = "Gevorg-Tarkhanyan.AmdCashTests";
				PRODUCT_NAME = "$(TARGET_NAME)";
				SWIFT_EMIT_LOC_STRINGS = NO;
				SWIFT_VERSION = 5.0;
				TARGETED_DEVICE_FAMILY = "1,2";
				TEST_HOST = "$(BUILT_PRODUCTS_DIR)/AmdCash.app/AmdCash";
			};
			name = Release;
		};
		C8EEDE2D27255A0C004AED27 /* Debug */ = {
			isa = XCBuildConfiguration;
			baseConfigurationReference = F0971BC28160BDB6EED3BA20 /* Pods-AmdCash-AmdCashUITests.debug.xcconfig */;
			buildSettings = {
				ALWAYS_EMBED_SWIFT_STANDARD_LIBRARIES = YES;
				CODE_SIGN_STYLE = Automatic;
				CURRENT_PROJECT_VERSION = 1;
				DEVELOPMENT_TEAM = G23SFXBWU9;
				GENERATE_INFOPLIST_FILE = YES;
				LD_RUNPATH_SEARCH_PATHS = (
					"$(inherited)",
					"@executable_path/Frameworks",
					"@loader_path/Frameworks",
				);
				MARKETING_VERSION = 1.0;
				PRODUCT_BUNDLE_IDENTIFIER = "Gevorg-Tarkhanyan.AmdCashUITests";
				PRODUCT_NAME = "$(TARGET_NAME)";
				SWIFT_EMIT_LOC_STRINGS = NO;
				SWIFT_VERSION = 5.0;
				TARGETED_DEVICE_FAMILY = "1,2";
				TEST_TARGET_NAME = AmdCash;
			};
			name = Debug;
		};
		C8EEDE2E27255A0C004AED27 /* Release */ = {
			isa = XCBuildConfiguration;
			baseConfigurationReference = D5E0C391A40D01C90389ADA8 /* Pods-AmdCash-AmdCashUITests.release.xcconfig */;
			buildSettings = {
				ALWAYS_EMBED_SWIFT_STANDARD_LIBRARIES = YES;
				CODE_SIGN_STYLE = Automatic;
				CURRENT_PROJECT_VERSION = 1;
				DEVELOPMENT_TEAM = G23SFXBWU9;
				GENERATE_INFOPLIST_FILE = YES;
				LD_RUNPATH_SEARCH_PATHS = (
					"$(inherited)",
					"@executable_path/Frameworks",
					"@loader_path/Frameworks",
				);
				MARKETING_VERSION = 1.0;
				PRODUCT_BUNDLE_IDENTIFIER = "Gevorg-Tarkhanyan.AmdCashUITests";
				PRODUCT_NAME = "$(TARGET_NAME)";
				SWIFT_EMIT_LOC_STRINGS = NO;
				SWIFT_VERSION = 5.0;
				TARGETED_DEVICE_FAMILY = "1,2";
				TEST_TARGET_NAME = AmdCash;
			};
			name = Release;
		};
/* End XCBuildConfiguration section */

/* Begin XCConfigurationList section */
		C8EEDDF427255A06004AED27 /* Build configuration list for PBXProject "AmdCash" */ = {
			isa = XCConfigurationList;
			buildConfigurations = (
				C8EEDE2427255A0C004AED27 /* Debug */,
				C8EEDE2527255A0C004AED27 /* Release */,
			);
			defaultConfigurationIsVisible = 0;
			defaultConfigurationName = Release;
		};
		C8EEDE2627255A0C004AED27 /* Build configuration list for PBXNativeTarget "AmdCash" */ = {
			isa = XCConfigurationList;
			buildConfigurations = (
				C8EEDE2727255A0C004AED27 /* Debug */,
				C8EEDE2827255A0C004AED27 /* Release */,
			);
			defaultConfigurationIsVisible = 0;
			defaultConfigurationName = Release;
		};
		C8EEDE2927255A0C004AED27 /* Build configuration list for PBXNativeTarget "AmdCashTests" */ = {
			isa = XCConfigurationList;
			buildConfigurations = (
				C8EEDE2A27255A0C004AED27 /* Debug */,
				C8EEDE2B27255A0C004AED27 /* Release */,
			);
			defaultConfigurationIsVisible = 0;
			defaultConfigurationName = Release;
		};
		C8EEDE2C27255A0C004AED27 /* Build configuration list for PBXNativeTarget "AmdCashUITests" */ = {
			isa = XCConfigurationList;
			buildConfigurations = (
				C8EEDE2D27255A0C004AED27 /* Debug */,
				C8EEDE2E27255A0C004AED27 /* Release */,
			);
			defaultConfigurationIsVisible = 0;
			defaultConfigurationName = Release;
		};
/* End XCConfigurationList section */

/* Begin XCVersionGroup section */
		C8EEDE0527255A06004AED27 /* AmdCash.xcdatamodeld */ = {
			isa = XCVersionGroup;
			children = (
				C8EEDE0627255A06004AED27 /* AmdCash.xcdatamodel */,
			);
			currentVersion = C8EEDE0627255A06004AED27 /* AmdCash.xcdatamodel */;
			path = AmdCash.xcdatamodeld;
			sourceTree = "<group>";
			versionGroupType = wrapper.xcdatamodel;
		};
/* End XCVersionGroup section */
	};
	rootObject = C8EEDDF127255A06004AED27 /* Project object */;
}
